
Microsoft Visual Studio Solution File, Format Version 12.00
# Visual Studio Version 16
VisualStudioVersion = 16.0.31321.278
MinimumVisualStudioVersion = 10.0.40219.1
Project("{FAE04EC0-301F-11D3-BF4B-00C04F79EFBC}") = "Strings_Rowland_Ethan", "Strings_Rowland_Ethan\Strings_Rowland_Ethan.csproj", "{FF1DFCAF-CA62-42EC-9584-813E23F41FCE}"
EndProject
Global
	GlobalSection(SolutionConfigurationPlatforms) = preSolution
		Debug|Any CPU = Debug|Any CPU
		Release|Any CPU = Release|Any CPU
	EndGlobalSection
	GlobalSection(ProjectConfigurationPlatforms) = postSolution
		{FF1DFCAF-CA62-42EC-9584-813E23F41FCE}.Debug|Any CPU.ActiveCfg = Debug|Any CPU
		{FF1DFCAF-CA62-42EC-9584-813E23F41FCE}.Debug|Any CPU.Build.0 = Debug|Any CPU
		{FF1DFCAF-CA62-42EC-9584-813E23F41FCE}.Release|Any CPU.ActiveCfg = Release|Any CPU
		{FF1DFCAF-CA62-42EC-9584-813E23F41FCE}.Release|Any CPU.Build.0 = Release|Any CPU
	EndGlobalSection
	GlobalSection(SolutionProperties) = preSolution
		HideSolutionNode = FALSE
	EndGlobalSection
	GlobalSection(ExtensibilityGlobals) = postSolution
		SolutionGuid = {110F4603-2E75-4F18-9CBA-3C08C67F799B}
	EndGlobalSection
EndGlobal
